{
  "name": "preact",
  "lockfileVersion": 2,
  "requires": true,
  "packages": {
    "": {
      "dependencies": {
        "@preact/signals": "^1.2.1",
        "mobx-react-lite": "^4.0.3",
        "preact": "^10.17.0",
        "react-router-dom": "^6.15.0"
      }
    },
    "node_modules/@preact/signals": {
      "version": "1.2.1",
      "resolved": "https://registry.npmjs.org/@preact/signals/-/signals-1.2.1.tgz",
      "integrity": "sha512-hRPvp1C2ooDzOHqfnhdpHgoIFDbYFAXLhoid3+jSItuPPD/J0r/UsiWKv/8ZO/oEhjRaP0M5niuRYsWqmY2GEA==",
      "dependencies": {
        "@preact/signals-core": "^1.4.0"
      },
      "funding": {
        "type": "opencollective",
        "url": "https://opencollective.com/preact"
      },
      "peerDependencies": {
        "preact": "10.x"
      }
    },
    "node_modules/@preact/signals-core": {
      "version": "1.4.0",
      "resolved": "https://registry.npmjs.org/@preact/signals-core/-/signals-core-1.4.0.tgz",
      "integrity": "sha512-5iYoZBhELLIhUQceZI7sDTQWPb+xcVSn2qk8T/aNl/VMh+A4AiPX9YRSh4XO7fZ6pncrVxl1Iln82poVqYVbbw==",
      "funding": {
        "type": "opencollective",
        "url": "https://opencollective.com/preact"
      }
    },
    "node_modules/@remix-run/router": {
      "version": "1.8.0",
      "resolved": "https://registry.npmjs.org/@remix-run/router/-/router-1.8.0.tgz",
      "integrity": "sha512-mrfKqIHnSZRyIzBcanNJmVQELTnX+qagEDlcKO90RgRBVOZGSGvZKeDihTRfWcqoDn5N/NkUcwWTccnpN18Tfg==",
      "engines": {
        "node": ">=14.0.0"
      }
    },
    "node_modules/js-tokens": {
      "version": "4.0.0",
      "resolved": "https://registry.npmjs.org/js-tokens/-/js-tokens-4.0.0.tgz",
      "integrity": "sha512-RdJUflcE3cUzKiMqQgsCu06FPu9UdIJO0beYbPhHN4k6apgJtifcoCtT9bcxOpYBtpD2kCM6Sbzg4CausW/PKQ==",
      "peer": true
    },
    "node_modules/loose-envify": {
      "version": "1.4.0",
      "resolved": "https://registry.npmjs.org/loose-envify/-/loose-envify-1.4.0.tgz",
      "integrity": "sha512-lyuxPGr/Wfhrlem2CL/UcnUc1zcqKAImBDzukY7Y5F/yQiNdko6+fRLevlw1HgMySw7f611UIY408EtxRSoK3Q==",
      "peer": true,
      "dependencies": {
        "js-tokens": "^3.0.0 || ^4.0.0"
      },
      "bin": {
        "loose-envify": "cli.js"
      }
    },
    "node_modules/mobx": {
      "version": "6.10.0",
      "resolved": "https://registry.npmjs.org/mobx/-/mobx-6.10.0.tgz",
      "integrity": "sha512-WMbVpCMFtolbB8swQ5E2YRrU+Yu8iLozCVx3CdGjbBKlP7dFiCSuiG06uea3JCFN5DnvtAX7+G5Bp82e2xu0ww==",
      "peer": true,
      "funding": {
        "type": "opencollective",
        "url": "https://opencollective.com/mobx"
      }
    },
    "node_modules/mobx-react-lite": {
      "version": "4.0.3",
      "resolved": "https://registry.npmjs.org/mobx-react-lite/-/mobx-react-lite-4.0.3.tgz",
      "integrity": "sha512-wEE1oT5zvDdvplG4HnRrFgPwg5GFVVrEtl42Er85k23zeu3om8H8wbDPgdbQP88zAihVsik6xJfw6VnzUl8fQw==",
      "dependencies": {
        "use-sync-external-store": "^1.2.0"
      },
      "funding": {
        "type": "opencollective",
        "url": "https://opencollective.com/mobx"
      },
      "peerDependencies": {
        "mobx": "^6.9.0",
        "react": "^16.8.0 || ^17 || ^18"
      },
      "peerDependenciesMeta": {
        "react-dom": {
          "optional": true
        },
        "react-native": {
          "optional": true
        }
      }
    },
    "node_modules/preact": {
      "version": "10.17.0",
      "resolved": "https://registry.npmjs.org/preact/-/preact-10.17.0.tgz",
      "integrity": "sha512-SNsI8cbaCcUS5tbv9nlXuCfIXnJ9ysBMWk0WnB6UWwcVA3qZ2O6FxqDFECMAMttvLQcW/HaNZUe2BLidyvrVYw==",
      "funding": {
        "type": "opencollective",
        "url": "https://opencollective.com/preact"
      }
    },
    "node_modules/react": {
      "version": "18.2.0",
      "resolved": "https://registry.npmjs.org/react/-/react-18.2.0.tgz",
      "integrity": "sha512-/3IjMdb2L9QbBdWiW5e3P2/npwMBaU9mHCSCUzNln0ZCYbcfTsGbTJrU/kGemdH2IWmB2ioZ+zkxtmq6g09fGQ==",
      "peer": true,
      "dependencies": {
        "loose-envify": "^1.1.0"
      },
      "engines": {
        "node": ">=0.10.0"
      }
    },
    "node_modules/react-dom": {
      "version": "18.2.0",
      "resolved": "https://registry.npmjs.org/react-dom/-/react-dom-18.2.0.tgz",
      "integrity": "sha512-6IMTriUmvsjHUjNtEDudZfuDQUoWXVxKHhlEGSk81n4YFS+r/Kl99wXiwlVXtPBtJenozv2P+hxDsw9eA7Xo6g==",
      "peer": true,
      "dependencies": {
        "loose-envify": "^1.1.0",
        "scheduler": "^0.23.0"
      },
      "peerDependencies": {
        "react": "^18.2.0"
      }
    },
    "node_modules/react-router": {
      "version": "6.15.0",
      "resolved": "https://registry.npmjs.org/react-router/-/react-router-6.15.0.tgz",
      "integrity": "sha512-NIytlzvzLwJkCQj2HLefmeakxxWHWAP+02EGqWEZy+DgfHHKQMUoBBjUQLOtFInBMhWtb3hiUy6MfFgwLjXhqg==",
      "dependencies": {
        "@remix-run/router": "1.8.0"
      },
      "engines": {
        "node": ">=14.0.0"
      },
      "peerDependencies": {
        "react": ">=16.8"
      }
    },
    "node_modules/react-router-dom": {
      "version": "6.15.0",
      "resolved": "https://registry.npmjs.org/react-router-dom/-/react-router-dom-6.15.0.tgz",
      "integrity": "sha512-aR42t0fs7brintwBGAv2+mGlCtgtFQeOzK0BM1/OiqEzRejOZtpMZepvgkscpMUnKb8YO84G7s3LsHnnDNonbQ==",
      "dependencies": {
        "@remix-run/router": "1.8.0",
        "react-router": "6.15.0"
      },
      "engines": {
        "node": ">=14.0.0"
      },
      "peerDependencies": {
        "react": ">=16.8",
        "react-dom": ">=16.8"
      }
    },
    "node_modules/scheduler": {
      "version": "0.23.0",
      "resolved": "https://registry.npmjs.org/scheduler/-/scheduler-0.23.0.tgz",
      "integrity": "sha512-CtuThmgHNg7zIZWAXi3AsyIzA3n4xx7aNyjwC2VJldO2LMVDhFK+63xGqq6CsJH4rTAt6/M+N4GhZiDYPx9eUw==",
      "peer": true,
      "dependencies": {
        "loose-envify": "^1.1.0"
      }
    },
    "node_modules/use-sync-external-store": {
      "version": "1.2.0",
      "resolved": "https://registry.npmjs.org/use-sync-external-store/-/use-sync-external-store-1.2.0.tgz",
      "integrity": "sha512-eEgnFxGQ1Ife9bzYs6VLi8/4X6CObHMw9Qr9tPY43iKwsPw8xE8+EFsf/2cFZ5S3esXgpWgtSCtLNS41F+sKPA==",
      "peerDependencies": {
        "react": "^16.8.0 || ^17.0.0 || ^18.0.0"
      }
    }
  },
  "dependencies": {
    "@preact/signals": {
      "version": "1.2.1",
      "resolved": "https://registry.npmjs.org/@preact/signals/-/signals-1.2.1.tgz",
      "integrity": "sha512-hRPvp1C2ooDzOHqfnhdpHgoIFDbYFAXLhoid3+jSItuPPD/J0r/UsiWKv/8ZO/oEhjRaP0M5niuRYsWqmY2GEA==",
      "requires": {
        "@preact/signals-core": "^1.4.0"
      }
    },
    "@preact/signals-core": {
      "version": "1.4.0",
      "resolved": "https://registry.npmjs.org/@preact/signals-core/-/signals-core-1.4.0.tgz",
      "integrity": "sha512-5iYoZBhELLIhUQceZI7sDTQWPb+xcVSn2qk8T/aNl/VMh+A4AiPX9YRSh4XO7fZ6pncrVxl1Iln82poVqYVbbw=="
    },
    "@remix-run/router": {
      "version": "1.8.0",
      "resolved": "https://registry.npmjs.org/@remix-run/router/-/router-1.8.0.tgz",
      "integrity": "sha512-mrfKqIHnSZRyIzBcanNJmVQELTnX+qagEDlcKO90RgRBVOZGSGvZKeDihTRfWcqoDn5N/NkUcwWTccnpN18Tfg=="
    },
    "js-tokens": {
      "version": "4.0.0",
      "resolved": "https://registry.npmjs.org/js-tokens/-/js-tokens-4.0.0.tgz",
      "integrity": "sha512-RdJUflcE3cUzKiMqQgsCu06FPu9UdIJO0beYbPhHN4k6apgJtifcoCtT9bcxOpYBtpD2kCM6Sbzg4CausW/PKQ==",
      "peer": true
    },
    "loose-envify": {
      "version": "1.4.0",
      "resolved": "https://registry.npmjs.org/loose-envify/-/loose-envify-1.4.0.tgz",
      "integrity": "sha512-lyuxPGr/Wfhrlem2CL/UcnUc1zcqKAImBDzukY7Y5F/yQiNdko6+fRLevlw1HgMySw7f611UIY408EtxRSoK3Q==",
      "peer": true,
      "requires": {
        "js-tokens": "^3.0.0 || ^4.0.0"
      }
    },
    "mobx": {
      "version": "6.10.0",
      "resolved": "https://registry.npmjs.org/mobx/-/mobx-6.10.0.tgz",
      "integrity": "sha512-WMbVpCMFtolbB8swQ5E2YRrU+Yu8iLozCVx3CdGjbBKlP7dFiCSuiG06uea3JCFN5DnvtAX7+G5Bp82e2xu0ww==",
      "peer": true
    },
    "mobx-react-lite": {
      "version": "4.0.3",
      "resolved": "https://registry.npmjs.org/mobx-react-lite/-/mobx-react-lite-4.0.3.tgz",
      "integrity": "sha512-wEE1oT5zvDdvplG4HnRrFgPwg5GFVVrEtl42Er85k23zeu3om8H8wbDPgdbQP88zAihVsik6xJfw6VnzUl8fQw==",
      "requires": {
        "use-sync-external-store": "^1.2.0"
      }
    },
    "preact": {
      "version": "10.17.0",
      "resolved": "https://registry.npmjs.org/preact/-/preact-10.17.0.tgz",
      "integrity": "sha512-SNsI8cbaCcUS5tbv9nlXuCfIXnJ9ysBMWk0WnB6UWwcVA3qZ2O6FxqDFECMAMttvLQcW/HaNZUe2BLidyvrVYw=="
    },
    "react": {
      "version": "18.2.0",
      "resolved": "https://registry.npmjs.org/react/-/react-18.2.0.tgz",
      "integrity": "sha512-/3IjMdb2L9QbBdWiW5e3P2/npwMBaU9mHCSCUzNln0ZCYbcfTsGbTJrU/kGemdH2IWmB2ioZ+zkxtmq6g09fGQ==",
      "peer": true,
      "requires": {
        "loose-envify": "^1.1.0"
      }
    },
    "react-dom": {
      "version": "18.2.0",
      "resolved": "https://registry.npmjs.org/react-dom/-/react-dom-18.2.0.tgz",
      "integrity": "sha512-6IMTriUmvsjHUjNtEDudZfuDQUoWXVxKHhlEGSk81n4YFS+r/Kl99wXiwlVXtPBtJenozv2P+hxDsw9eA7Xo6g==",
      "peer": true,
      "requires": {
        "loose-envify": "^1.1.0",
        "scheduler": "^0.23.0"
      }
    },
    "react-router": {
      "version": "6.15.0",
      "resolved": "https://registry.npmjs.org/react-router/-/react-router-6.15.0.tgz",
      "integrity": "sha512-NIytlzvzLwJkCQj2HLefmeakxxWHWAP+02EGqWEZy+DgfHHKQMUoBBjUQLOtFInBMhWtb3hiUy6MfFgwLjXhqg==",
      "requires": {
        "@remix-run/router": "1.8.0"
      }
    },
    "react-router-dom": {
      "version": "6.15.0",
      "resolved": "https://registry.npmjs.org/react-router-dom/-/react-router-dom-6.15.0.tgz",
      "integrity": "sha512-aR42t0fs7brintwBGAv2+mGlCtgtFQeOzK0BM1/OiqEzRejOZtpMZepvgkscpMUnKb8YO84G7s3LsHnnDNonbQ==",
      "requires": {
        "@remix-run/router": "1.8.0",
        "react-router": "6.15.0"
      }
    },
    "scheduler": {
      "version": "0.23.0",
      "resolved": "https://registry.npmjs.org/scheduler/-/scheduler-0.23.0.tgz",
      "integrity": "sha512-CtuThmgHNg7zIZWAXi3AsyIzA3n4xx7aNyjwC2VJldO2LMVDhFK+63xGqq6CsJH4rTAt6/M+N4GhZiDYPx9eUw==",
      "peer": true,
      "requires": {
        "loose-envify": "^1.1.0"
      }
    },
    "use-sync-external-store": {
      "version": "1.2.0",
      "resolved": "https://registry.npmjs.org/use-sync-external-store/-/use-sync-external-store-1.2.0.tgz",
      "integrity": "sha512-eEgnFxGQ1Ife9bzYs6VLi8/4X6CObHMw9Qr9tPY43iKwsPw8xE8+EFsf/2cFZ5S3esXgpWgtSCtLNS41F+sKPA==",
      "requires": {}
    }
  }
}
